# This file is automatically @generated by Cargo.
# It is not intended for manual editing.
version = 3

[[package]]
name = "copal-tm"
version = "0.1.1"
dependencies = [
 "copal-tm-probe",
 "copal-tm-tty",
 "copal-tm-ui",
]

[[package]]
name = "copal-tm-probe"
version = "0.1.1"

[[package]]
name = "copal-tm-tty"
version = "0.1.1"

[[package]]
name = "copal-tm-ui"
version = "0.1.1"
dependencies = [
 "copal-tm-tty",
]
